// !$*UTF8*$!
{
	archiveVersion = 1;
	classes = {
	};
	objectVersion = 50;
	objects = {

/* Begin PBXBuildFile section */
		ED477FC325D414150054A7C9 /* Assets.xcassets in Resources */ = {isa = PBXBuildFile; fileRef = ED477FC225D414150054A7C9 /* Assets.xcassets */; };
		ED477FC625D414150054A7C9 /* Preview Assets.xcassets in Resources */ = {isa = PBXBuildFile; fileRef = ED477FC525D414150054A7C9 /* Preview Assets.xcassets */; };
		ED477FD125D414160054A7C9 /* LogKeeperSwiftTests.swift in Sources */ = {isa = PBXBuildFile; fileRef = ED477FD025D414160054A7C9 /* LogKeeperSwiftTests.swift */; };
		ED477FDC25D414160054A7C9 /* LogKeeperSwiftUITests.swift in Sources */ = {isa = PBXBuildFile; fileRef = ED477FDB25D414160054A7C9 /* LogKeeperSwiftUITests.swift */; };
		ED477FF025D416680054A7C9 /* SceneDelegate.swift in Sources */ = {isa = PBXBuildFile; fileRef = ED477FEF25D416680054A7C9 /* SceneDelegate.swift */; };
		ED477FFC25D416990054A7C9 /* MockLogsRepository.swift in Sources */ = {isa = PBXBuildFile; fileRef = ED477FF725D416990054A7C9 /* MockLogsRepository.swift */; };
		ED477FFE25D416990054A7C9 /* LogInfoEntity.swift in Sources */ = {isa = PBXBuildFile; fileRef = ED477FF925D416990054A7C9 /* LogInfoEntity.swift */; };
		ED47800525D416B00054A7C9 /* AppState.swift in Sources */ = {isa = PBXBuildFile; fileRef = ED47800425D416B00054A7C9 /* AppState.swift */; };
		ED47800D25D416BC0054A7C9 /* Action.swift in Sources */ = {isa = PBXBuildFile; fileRef = ED47800A25D416BC0054A7C9 /* Action.swift */; };
		ED47800E25D416BC0054A7C9 /* LogActions.swift in Sources */ = {isa = PBXBuildFile; fileRef = ED47800B25D416BC0054A7C9 /* LogActions.swift */; };
		ED47801725D416CF0054A7C9 /* FluxState.swift in Sources */ = {isa = PBXBuildFile; fileRef = ED47801425D416CF0054A7C9 /* FluxState.swift */; };
		ED47801825D416CF0054A7C9 /* LogsState.swift in Sources */ = {isa = PBXBuildFile; fileRef = ED47801525D416CF0054A7C9 /* LogsState.swift */; };
		ED47802225D416E50054A7C9 /* Reducer.swift in Sources */ = {isa = PBXBuildFile; fileRef = ED47801F25D416E50054A7C9 /* Reducer.swift */; };
		ED47802325D416E50054A7C9 /* LogStateReducer.swift in Sources */ = {isa = PBXBuildFile; fileRef = ED47802025D416E50054A7C9 /* LogStateReducer.swift */; };
		ED47802925D416FD0054A7C9 /* HomeView.swift in Sources */ = {isa = PBXBuildFile; fileRef = ED47802825D416FD0054A7C9 /* HomeView.swift */; };
		ED47803425D417160054A7C9 /* LogDetailsScreen.swift in Sources */ = {isa = PBXBuildFile; fileRef = ED47803025D417150054A7C9 /* LogDetailsScreen.swift */; };
		ED47803625D417160054A7C9 /* LogsListScreen.swift in Sources */ = {isa = PBXBuildFile; fileRef = ED47803225D417160054A7C9 /* LogsListScreen.swift */; };
		ED47803725D417160054A7C9 /* LogCard.swift in Sources */ = {isa = PBXBuildFile; fileRef = ED47803325D417160054A7C9 /* LogCard.swift */; };
		ED47804025D4171A0054A7C9 /* OptionsListScreen.swift in Sources */ = {isa = PBXBuildFile; fileRef = ED47803C25D4171A0054A7C9 /* OptionsListScreen.swift */; };
		ED47804125D4171A0054A7C9 /* OptionsCard.swift in Sources */ = {isa = PBXBuildFile; fileRef = ED47803D25D4171A0054A7C9 /* OptionsCard.swift */; };
		ED47805725D41A660054A7C9 /* AppDelegate.swift in Sources */ = {isa = PBXBuildFile; fileRef = ED47805625D41A660054A7C9 /* AppDelegate.swift */; };
		ED47806525D41F820054A7C9 /* LaunchScreen.storyboard in Resources */ = {isa = PBXBuildFile; fileRef = ED47806425D41F820054A7C9 /* LaunchScreen.storyboard */; };
		ED47807125D452EB0054A7C9 /* LogsRepository.swift in Sources */ = {isa = PBXBuildFile; fileRef = ED47807025D452EB0054A7C9 /* LogsRepository.swift */; };
		ED47807925D454D40054A7C9 /* FirebaseLogsRepository.swift in Sources */ = {isa = PBXBuildFile; fileRef = ED47807825D454D40054A7C9 /* FirebaseLogsRepository.swift */; };
		ED47808425D462A00054A7C9 /* ProjectCard.swift in Sources */ = {isa = PBXBuildFile; fileRef = ED47808325D462A00054A7C9 /* ProjectCard.swift */; };
		ED4953F125D68B2A00A45A29 /* LoadState.swift in Sources */ = {isa = PBXBuildFile; fileRef = ED4953F025D68B2A00A45A29 /* LoadState.swift */; };
		ED8E442B25D58CCD00B182A9 /* LogContentEntity.swift in Sources */ = {isa = PBXBuildFile; fileRef = ED8E442A25D58CCD00B182A9 /* LogContentEntity.swift */; };
		ED8E443825D58DC900B182A9 /* LogEntity.swift in Sources */ = {isa = PBXBuildFile; fileRef = ED8E443725D58DC900B182A9 /* LogEntity.swift */; };
		ED8E444F25D5B55B00B182A9 /* LogContentsState.swift in Sources */ = {isa = PBXBuildFile; fileRef = ED8E444E25D5B55B00B182A9 /* LogContentsState.swift */; };
		ED8E445425D5B60F00B182A9 /* LogContentsStateReducer.swift in Sources */ = {isa = PBXBuildFile; fileRef = ED8E445325D5B60F00B182A9 /* LogContentsStateReducer.swift */; };
		ED8E445925D5B63E00B182A9 /* LogContentsActions.swift in Sources */ = {isa = PBXBuildFile; fileRef = ED8E445825D5B63E00B182A9 /* LogContentsActions.swift */; };
		ED8E446525D5B9E800B182A9 /* LogContentView.swift in Sources */ = {isa = PBXBuildFile; fileRef = ED8E446425D5B9E800B182A9 /* LogContentView.swift */; };
/* End PBXBuildFile section */

/* Begin PBXContainerItemProxy section */
		ED477FCD25D414160054A7C9 /* PBXContainerItemProxy */ = {
			isa = PBXContainerItemProxy;
			containerPortal = ED477FB325D414140054A7C9 /* Project object */;
			proxyType = 1;
			remoteGlobalIDString = ED477FBA25D414140054A7C9;
			remoteInfo = LogKeeperSwift;
		};
		ED477FD825D414160054A7C9 /* PBXContainerItemProxy */ = {
			isa = PBXContainerItemProxy;
			containerPortal = ED477FB325D414140054A7C9 /* Project object */;
			proxyType = 1;
			remoteGlobalIDString = ED477FBA25D414140054A7C9;
			remoteInfo = LogKeeperSwift;
		};
/* End PBXContainerItemProxy section */

/* Begin PBXFileReference section */
		ED477FBB25D414140054A7C9 /* LogKeeperSwift.app */ = {isa = PBXFileReference; explicitFileType = wrapper.application; includeInIndex = 0; path = LogKeeperSwift.app; sourceTree = BUILT_PRODUCTS_DIR; };
		ED477FC225D414150054A7C9 /* Assets.xcassets */ = {isa = PBXFileReference; lastKnownFileType = folder.assetcatalog; path = Assets.xcassets; sourceTree = "<group>"; };
		ED477FC525D414150054A7C9 /* Preview Assets.xcassets */ = {isa = PBXFileReference; lastKnownFileType = folder.assetcatalog; path = "Preview Assets.xcassets"; sourceTree = "<group>"; };
		ED477FC725D414150054A7C9 /* Info.plist */ = {isa = PBXFileReference; lastKnownFileType = text.plist.xml; path = Info.plist; sourceTree = "<group>"; };
		ED477FCC25D414160054A7C9 /* LogKeeperSwiftTests.xctest */ = {isa = PBXFileReference; explicitFileType = wrapper.cfbundle; includeInIndex = 0; path = LogKeeperSwiftTests.xctest; sourceTree = BUILT_PRODUCTS_DIR; };
		ED477FD025D414160054A7C9 /* LogKeeperSwiftTests.swift */ = {isa = PBXFileReference; lastKnownFileType = sourcecode.swift; path = LogKeeperSwiftTests.swift; sourceTree = "<group>"; };
		ED477FD225D414160054A7C9 /* Info.plist */ = {isa = PBXFileReference; lastKnownFileType = text.plist.xml; path = Info.plist; sourceTree = "<group>"; };
		ED477FD725D414160054A7C9 /* LogKeeperSwiftUITests.xctest */ = {isa = PBXFileReference; explicitFileType = wrapper.cfbundle; includeInIndex = 0; path = LogKeeperSwiftUITests.xctest; sourceTree = BUILT_PRODUCTS_DIR; };
		ED477FDB25D414160054A7C9 /* LogKeeperSwiftUITests.swift */ = {isa = PBXFileReference; lastKnownFileType = sourcecode.swift; path = LogKeeperSwiftUITests.swift; sourceTree = "<group>"; };
		ED477FDD25D414160054A7C9 /* Info.plist */ = {isa = PBXFileReference; lastKnownFileType = text.plist.xml; path = Info.plist; sourceTree = "<group>"; };
		ED477FEF25D416680054A7C9 /* SceneDelegate.swift */ = {isa = PBXFileReference; fileEncoding = 4; lastKnownFileType = sourcecode.swift; path = SceneDelegate.swift; sourceTree = "<group>"; };
		ED477FF725D416990054A7C9 /* MockLogsRepository.swift */ = {isa = PBXFileReference; fileEncoding = 4; lastKnownFileType = sourcecode.swift; path = MockLogsRepository.swift; sourceTree = "<group>"; };
		ED477FF925D416990054A7C9 /* LogInfoEntity.swift */ = {isa = PBXFileReference; fileEncoding = 4; lastKnownFileType = sourcecode.swift; path = LogInfoEntity.swift; sourceTree = "<group>"; };
		ED47800425D416B00054A7C9 /* AppState.swift */ = {isa = PBXFileReference; fileEncoding = 4; lastKnownFileType = sourcecode.swift; path = AppState.swift; sourceTree = "<group>"; };
		ED47800A25D416BC0054A7C9 /* Action.swift */ = {isa = PBXFileReference; fileEncoding = 4; lastKnownFileType = sourcecode.swift; path = Action.swift; sourceTree = "<group>"; };
		ED47800B25D416BC0054A7C9 /* LogActions.swift */ = {isa = PBXFileReference; fileEncoding = 4; lastKnownFileType = sourcecode.swift; path = LogActions.swift; sourceTree = "<group>"; };
		ED47801425D416CF0054A7C9 /* FluxState.swift */ = {isa = PBXFileReference; fileEncoding = 4; lastKnownFileType = sourcecode.swift; path = FluxState.swift; sourceTree = "<group>"; };
		ED47801525D416CF0054A7C9 /* LogsState.swift */ = {isa = PBXFileReference; fileEncoding = 4; lastKnownFileType = sourcecode.swift; path = LogsState.swift; sourceTree = "<group>"; };
		ED47801F25D416E50054A7C9 /* Reducer.swift */ = {isa = PBXFileReference; fileEncoding = 4; lastKnownFileType = sourcecode.swift; path = Reducer.swift; sourceTree = "<group>"; };
		ED47802025D416E50054A7C9 /* LogStateReducer.swift */ = {isa = PBXFileReference; fileEncoding = 4; lastKnownFileType = sourcecode.swift; path = LogStateReducer.swift; sourceTree = "<group>"; };
		ED47802825D416FD0054A7C9 /* HomeView.swift */ = {isa = PBXFileReference; fileEncoding = 4; lastKnownFileType = sourcecode.swift; path = HomeView.swift; sourceTree = "<group>"; };
		ED47803025D417150054A7C9 /* LogDetailsScreen.swift */ = {isa = PBXFileReference; fileEncoding = 4; lastKnownFileType = sourcecode.swift; path = LogDetailsScreen.swift; sourceTree = "<group>"; };
		ED47803225D417160054A7C9 /* LogsListScreen.swift */ = {isa = PBXFileReference; fileEncoding = 4; lastKnownFileType = sourcecode.swift; path = LogsListScreen.swift; sourceTree = "<group>"; };
		ED47803325D417160054A7C9 /* LogCard.swift */ = {isa = PBXFileReference; fileEncoding = 4; lastKnownFileType = sourcecode.swift; path = LogCard.swift; sourceTree = "<group>"; };
		ED47803C25D4171A0054A7C9 /* OptionsListScreen.swift */ = {isa = PBXFileReference; fileEncoding = 4; lastKnownFileType = sourcecode.swift; path = OptionsListScreen.swift; sourceTree = "<group>"; };
		ED47803D25D4171A0054A7C9 /* OptionsCard.swift */ = {isa = PBXFileReference; fileEncoding = 4; lastKnownFileType = sourcecode.swift; path = OptionsCard.swift; sourceTree = "<group>"; };
		ED47805625D41A660054A7C9 /* AppDelegate.swift */ = {isa = PBXFileReference; fileEncoding = 4; lastKnownFileType = sourcecode.swift; path = AppDelegate.swift; sourceTree = "<group>"; };
		ED47806425D41F820054A7C9 /* LaunchScreen.storyboard */ = {isa = PBXFileReference; lastKnownFileType = file.storyboard; path = LaunchScreen.storyboard; sourceTree = "<group>"; };
		ED47807025D452EB0054A7C9 /* LogsRepository.swift */ = {isa = PBXFileReference; lastKnownFileType = sourcecode.swift; path = LogsRepository.swift; sourceTree = "<group>"; };
		ED47807825D454D40054A7C9 /* FirebaseLogsRepository.swift */ = {isa = PBXFileReference; lastKnownFileType = sourcecode.swift; path = FirebaseLogsRepository.swift; sourceTree = "<group>"; };
		ED47808325D462A00054A7C9 /* ProjectCard.swift */ = {isa = PBXFileReference; lastKnownFileType = sourcecode.swift; path = ProjectCard.swift; sourceTree = "<group>"; };
		ED4953F025D68B2A00A45A29 /* LoadState.swift */ = {isa = PBXFileReference; lastKnownFileType = sourcecode.swift; path = LoadState.swift; sourceTree = "<group>"; };
		ED8E442A25D58CCD00B182A9 /* LogContentEntity.swift */ = {isa = PBXFileReference; lastKnownFileType = sourcecode.swift; path = LogContentEntity.swift; sourceTree = "<group>"; };
		ED8E443725D58DC900B182A9 /* LogEntity.swift */ = {isa = PBXFileReference; lastKnownFileType = sourcecode.swift; path = LogEntity.swift; sourceTree = "<group>"; };
		ED8E444E25D5B55B00B182A9 /* LogContentsState.swift */ = {isa = PBXFileReference; lastKnownFileType = sourcecode.swift; path = LogContentsState.swift; sourceTree = "<group>"; };
		ED8E445325D5B60F00B182A9 /* LogContentsStateReducer.swift */ = {isa = PBXFileReference; lastKnownFileType = sourcecode.swift; path = LogContentsStateReducer.swift; sourceTree = "<group>"; };
		ED8E445825D5B63E00B182A9 /* LogContentsActions.swift */ = {isa = PBXFileReference; lastKnownFileType = sourcecode.swift; path = LogContentsActions.swift; sourceTree = "<group>"; };
		ED8E446425D5B9E800B182A9 /* LogContentView.swift */ = {isa = PBXFileReference; lastKnownFileType = sourcecode.swift; path = LogContentView.swift; sourceTree = "<group>"; };
/* End PBXFileReference section */

/* Begin PBXFrameworksBuildPhase section */
		ED477FB825D414140054A7C9 /* Frameworks */ = {
			isa = PBXFrameworksBuildPhase;
			buildActionMask = 2147483647;
			files = (
			);
			runOnlyForDeploymentPostprocessing = 0;
		};
		ED477FC925D414160054A7C9 /* Frameworks */ = {
			isa = PBXFrameworksBuildPhase;
			buildActionMask = 2147483647;
			files = (
			);
			runOnlyForDeploymentPostprocessing = 0;
		};
		ED477FD425D414160054A7C9 /* Frameworks */ = {
			isa = PBXFrameworksBuildPhase;
			buildActionMask = 2147483647;
			files = (
			);
			runOnlyForDeploymentPostprocessing = 0;
		};
/* End PBXFrameworksBuildPhase section */

/* Begin PBXGroup section */
		ED477FB225D414140054A7C9 = {
			isa = PBXGroup;
			children = (
				ED47806425D41F820054A7C9 /* LaunchScreen.storyboard */,
				ED477FBD25D414140054A7C9 /* LogKeeperSwift */,
				ED477FCF25D414160054A7C9 /* LogKeeperSwiftTests */,
				ED477FDA25D414160054A7C9 /* LogKeeperSwiftUITests */,
				ED477FBC25D414140054A7C9 /* Products */,
			);
			sourceTree = "<group>";
		};
		ED477FBC25D414140054A7C9 /* Products */ = {
			isa = PBXGroup;
			children = (
				ED477FBB25D414140054A7C9 /* LogKeeperSwift.app */,
				ED477FCC25D414160054A7C9 /* LogKeeperSwiftTests.xctest */,
				ED477FD725D414160054A7C9 /* LogKeeperSwiftUITests.xctest */,
			);
			name = Products;
			sourceTree = "<group>";
		};
		ED477FBD25D414140054A7C9 /* LogKeeperSwift */ = {
			isa = PBXGroup;
			children = (
				ED47806F25D452D40054A7C9 /* Repositories */,
				ED47802725D416F10054A7C9 /* Views */,
				ED47800325D416A30054A7C9 /* States */,
				ED477FF525D4168F0054A7C9 /* Models */,
				ED477FEF25D416680054A7C9 /* SceneDelegate.swift */,
				ED47805625D41A660054A7C9 /* AppDelegate.swift */,
				ED477FC225D414150054A7C9 /* Assets.xcassets */,
				ED477FC725D414150054A7C9 /* Info.plist */,
				ED477FC425D414150054A7C9 /* Preview Content */,
			);
			path = LogKeeperSwift;
			sourceTree = "<group>";
		};
		ED477FC425D414150054A7C9 /* Preview Content */ = {
			isa = PBXGroup;
			children = (
				ED477FC525D414150054A7C9 /* Preview Assets.xcassets */,
			);
			path = "Preview Content";
			sourceTree = "<group>";
		};
		ED477FCF25D414160054A7C9 /* LogKeeperSwiftTests */ = {
			isa = PBXGroup;
			children = (
				ED477FD025D414160054A7C9 /* LogKeeperSwiftTests.swift */,
				ED477FD225D414160054A7C9 /* Info.plist */,
			);
			path = LogKeeperSwiftTests;
			sourceTree = "<group>";
		};
		ED477FDA25D414160054A7C9 /* LogKeeperSwiftUITests */ = {
			isa = PBXGroup;
			children = (
				ED477FDB25D414160054A7C9 /* LogKeeperSwiftUITests.swift */,
				ED477FDD25D414160054A7C9 /* Info.plist */,
			);
			path = LogKeeperSwiftUITests;
			sourceTree = "<group>";
		};
		ED477FF525D4168F0054A7C9 /* Models */ = {
			isa = PBXGroup;
			children = (
				ED477FF925D416990054A7C9 /* LogInfoEntity.swift */,
				ED8E442A25D58CCD00B182A9 /* LogContentEntity.swift */,
				ED8E443725D58DC900B182A9 /* LogEntity.swift */,
			);
			path = Models;
			sourceTree = "<group>";
		};
		ED47800325D416A30054A7C9 /* States */ = {
			isa = PBXGroup;
			children = (
				ED4953F525D68B3100A45A29 /* Common */,
				ED47801D25D416DC0054A7C9 /* Reducers */,
				ED47801325D416C40054A7C9 /* SubState */,
				ED47800925D416B40054A7C9 /* Actions */,
				ED47800425D416B00054A7C9 /* AppState.swift */,
			);
			path = States;
			sourceTree = "<group>";
		};
		ED47800925D416B40054A7C9 /* Actions */ = {
			isa = PBXGroup;
			children = (
				ED47800A25D416BC0054A7C9 /* Action.swift */,
				ED47800B25D416BC0054A7C9 /* LogActions.swift */,
				ED8E445825D5B63E00B182A9 /* LogContentsActions.swift */,
			);
			path = Actions;
			sourceTree = "<group>";
		};
		ED47801325D416C40054A7C9 /* SubState */ = {
			isa = PBXGroup;
			children = (
				ED47801425D416CF0054A7C9 /* FluxState.swift */,
				ED47801525D416CF0054A7C9 /* LogsState.swift */,
				ED8E444E25D5B55B00B182A9 /* LogContentsState.swift */,
			);
			path = SubState;
			sourceTree = "<group>";
		};
		ED47801D25D416DC0054A7C9 /* Reducers */ = {
			isa = PBXGroup;
			children = (
				ED47801F25D416E50054A7C9 /* Reducer.swift */,
				ED47802025D416E50054A7C9 /* LogStateReducer.swift */,
				ED8E445325D5B60F00B182A9 /* LogContentsStateReducer.swift */,
			);
			path = Reducers;
			sourceTree = "<group>";
		};
		ED47802725D416F10054A7C9 /* Views */ = {
			isa = PBXGroup;
			children = (
				ED8E445D25D5B7A600B182A9 /* Logs */,
				ED47802E25D417090054A7C9 /* Options */,
				ED47802825D416FD0054A7C9 /* HomeView.swift */,
			);
			path = Views;
			sourceTree = "<group>";
		};
		ED47802E25D417090054A7C9 /* Options */ = {
			isa = PBXGroup;
			children = (
				ED47803C25D4171A0054A7C9 /* OptionsListScreen.swift */,
				ED47803D25D4171A0054A7C9 /* OptionsCard.swift */,
			);
			path = Options;
			sourceTree = "<group>";
		};
		ED47806F25D452D40054A7C9 /* Repositories */ = {
			isa = PBXGroup;
			children = (
				ED477FF725D416990054A7C9 /* MockLogsRepository.swift */,
				ED47807025D452EB0054A7C9 /* LogsRepository.swift */,
				ED47807825D454D40054A7C9 /* FirebaseLogsRepository.swift */,
			);
			path = Repositories;
			sourceTree = "<group>";
		};
		ED4953F525D68B3100A45A29 /* Common */ = {
			isa = PBXGroup;
			children = (
				ED4953F025D68B2A00A45A29 /* LoadState.swift */,
			);
			path = Common;
			sourceTree = "<group>";
		};
		ED8E445D25D5B7A600B182A9 /* Logs */ = {
			isa = PBXGroup;
			children = (
				ED47803025D417150054A7C9 /* LogDetailsScreen.swift */,
				ED47803225D417160054A7C9 /* LogsListScreen.swift */,
				ED47803325D417160054A7C9 /* LogCard.swift */,
				ED47808325D462A00054A7C9 /* ProjectCard.swift */,
				ED8E446425D5B9E800B182A9 /* LogContentView.swift */,
			);
			path = Logs;
			sourceTree = "<group>";
		};
/* End PBXGroup section */

/* Begin PBXNativeTarget section */
		ED477FBA25D414140054A7C9 /* LogKeeperSwift */ = {
			isa = PBXNativeTarget;
			buildConfigurationList = ED477FE025D414160054A7C9 /* Build configuration list for PBXNativeTarget "LogKeeperSwift" */;
			buildPhases = (
				ED477FB725D414140054A7C9 /* Sources */,
				ED477FB825D414140054A7C9 /* Frameworks */,
				ED477FB925D414140054A7C9 /* Resources */,
			);
			buildRules = (
			);
			dependencies = (
			);
			name = LogKeeperSwift;
			productName = LogKeeperSwift;
			productReference = ED477FBB25D414140054A7C9 /* LogKeeperSwift.app */;
			productType = "com.apple.product-type.application";
		};
		ED477FCB25D414160054A7C9 /* LogKeeperSwiftTests */ = {
			isa = PBXNativeTarget;
			buildConfigurationList = ED477FE325D414160054A7C9 /* Build configuration list for PBXNativeTarget "LogKeeperSwiftTests" */;
			buildPhases = (
				ED477FC825D414160054A7C9 /* Sources */,
				ED477FC925D414160054A7C9 /* Frameworks */,
				ED477FCA25D414160054A7C9 /* Resources */,
			);
			buildRules = (
			);
			dependencies = (
				ED477FCE25D414160054A7C9 /* PBXTargetDependency */,
			);
			name = LogKeeperSwiftTests;
			productName = LogKeeperSwiftTests;
			productReference = ED477FCC25D414160054A7C9 /* LogKeeperSwiftTests.xctest */;
			productType = "com.apple.product-type.bundle.unit-test";
		};
		ED477FD625D414160054A7C9 /* LogKeeperSwiftUITests */ = {
			isa = PBXNativeTarget;
			buildConfigurationList = ED477FE625D414160054A7C9 /* Build configuration list for PBXNativeTarget "LogKeeperSwiftUITests" */;
			buildPhases = (
				ED477FD325D414160054A7C9 /* Sources */,
				ED477FD425D414160054A7C9 /* Frameworks */,
				ED477FD525D414160054A7C9 /* Resources */,
			);
			buildRules = (
			);
			dependencies = (
				ED477FD925D414160054A7C9 /* PBXTargetDependency */,
			);
			name = LogKeeperSwiftUITests;
			productName = LogKeeperSwiftUITests;
			productReference = ED477FD725D414160054A7C9 /* LogKeeperSwiftUITests.xctest */;
			productType = "com.apple.product-type.bundle.ui-testing";
		};
/* End PBXNativeTarget section */

/* Begin PBXProject section */
		ED477FB325D414140054A7C9 /* Project object */ = {
			isa = PBXProject;
			attributes = {
				LastSwiftUpdateCheck = 1240;
				LastUpgradeCheck = 1240;
				TargetAttributes = {
					ED477FBA25D414140054A7C9 = {
						CreatedOnToolsVersion = 12.4;
					};
					ED477FCB25D414160054A7C9 = {
						CreatedOnToolsVersion = 12.4;
						TestTargetID = ED477FBA25D414140054A7C9;
					};
					ED477FD625D414160054A7C9 = {
						CreatedOnToolsVersion = 12.4;
						TestTargetID = ED477FBA25D414140054A7C9;
					};
				};
			};
			buildConfigurationList = ED477FB625D414140054A7C9 /* Build configuration list for PBXProject "LogKeeperSwift" */;
			compatibilityVersion = "Xcode 9.3";
			developmentRegion = en;
			hasScannedForEncodings = 0;
			knownRegions = (
				en,
				Base,
			);
			mainGroup = ED477FB225D414140054A7C9;
			productRefGroup = ED477FBC25D414140054A7C9 /* Products */;
			projectDirPath = "";
			projectRoot = "";
			targets = (
				ED477FBA25D414140054A7C9 /* LogKeeperSwift */,
				ED477FCB25D414160054A7C9 /* LogKeeperSwiftTests */,
				ED477FD625D414160054A7C9 /* LogKeeperSwiftUITests */,
			);
		};
/* End PBXProject section */

/* Begin PBXResourcesBuildPhase section */
		ED477FB925D414140054A7C9 /* Resources */ = {
			isa = PBXResourcesBuildPhase;
			buildActionMask = 2147483647;
			files = (
				ED477FC625D414150054A7C9 /* Preview Assets.xcassets in Resources */,
				ED47806525D41F820054A7C9 /* LaunchScreen.storyboard in Resources */,
				ED477FC325D414150054A7C9 /* Assets.xcassets in Resources */,
			);
			runOnlyForDeploymentPostprocessing = 0;
		};
		ED477FCA25D414160054A7C9 /* Resources */ = {
			isa = PBXResourcesBuildPhase;
			buildActionMask = 2147483647;
			files = (
			);
			runOnlyForDeploymentPostprocessing = 0;
		};
		ED477FD525D414160054A7C9 /* Resources */ = {
			isa = PBXResourcesBuildPhase;
			buildActionMask = 2147483647;
			files = (
			);
			runOnlyForDeploymentPostprocessing = 0;
		};
/* End PBXResourcesBuildPhase section */

/* Begin PBXSourcesBuildPhase section */
		ED477FB725D414140054A7C9 /* Sources */ = {
			isa = PBXSourcesBuildPhase;
			buildActionMask = 2147483647;
			files = (
				ED47801825D416CF0054A7C9 /* LogsState.swift in Sources */,
				ED47802325D416E50054A7C9 /* LogStateReducer.swift in Sources */,
				ED47800D25D416BC0054A7C9 /* Action.swift in Sources */,
				ED8E446525D5B9E800B182A9 /* LogContentView.swift in Sources */,
				ED47800525D416B00054A7C9 /* AppState.swift in Sources */,
				ED47802225D416E50054A7C9 /* Reducer.swift in Sources */,
				ED47800E25D416BC0054A7C9 /* LogActions.swift in Sources */,
				ED47808425D462A00054A7C9 /* ProjectCard.swift in Sources */,
				ED47804125D4171A0054A7C9 /* OptionsCard.swift in Sources */,
				ED8E444F25D5B55B00B182A9 /* LogContentsState.swift in Sources */,
				ED8E442B25D58CCD00B182A9 /* LogContentEntity.swift in Sources */,
				ED47801725D416CF0054A7C9 /* FluxState.swift in Sources */,
				ED47807125D452EB0054A7C9 /* LogsRepository.swift in Sources */,
				ED47803425D417160054A7C9 /* LogDetailsScreen.swift in Sources */,
				ED47805725D41A660054A7C9 /* AppDelegate.swift in Sources */,
				ED47807925D454D40054A7C9 /* FirebaseLogsRepository.swift in Sources */,
				ED477FFC25D416990054A7C9 /* MockLogsRepository.swift in Sources */,
				ED8E443825D58DC900B182A9 /* LogEntity.swift in Sources */,
				ED477FF025D416680054A7C9 /* SceneDelegate.swift in Sources */,
				ED8E445925D5B63E00B182A9 /* LogContentsActions.swift in Sources */,
				ED477FFE25D416990054A7C9 /* LogInfoEntity.swift in Sources */,
				ED8E445425D5B60F00B182A9 /* LogContentsStateReducer.swift in Sources */,
				ED47803625D417160054A7C9 /* LogsListScreen.swift in Sources */,
				ED47804025D4171A0054A7C9 /* OptionsListScreen.swift in Sources */,
				ED4953F125D68B2A00A45A29 /* LoadState.swift in Sources */,
				ED47802925D416FD0054A7C9 /* HomeView.swift in Sources */,
				ED47803725D417160054A7C9 /* LogCard.swift in Sources */,
			);
			runOnlyForDeploymentPostprocessing = 0;
		};
		ED477FC825D414160054A7C9 /* Sources */ = {
			isa = PBXSourcesBuildPhase;
			buildActionMask = 2147483647;
			files = (
				ED477FD125D414160054A7C9 /* LogKeeperSwiftTests.swift in Sources */,
			);
			runOnlyForDeploymentPostprocessing = 0;
		};
		ED477FD325D414160054A7C9 /* Sources */ = {
			isa = PBXSourcesBuildPhase;
			buildActionMask = 2147483647;
			files = (
				ED477FDC25D414160054A7C9 /* LogKeeperSwiftUITests.swift in Sources */,
			);
			runOnlyForDeploymentPostprocessing = 0;
		};
/* End PBXSourcesBuildPhase section */

/* Begin PBXTargetDependency section */
		ED477FCE25D414160054A7C9 /* PBXTargetDependency */ = {
			isa = PBXTargetDependency;
			target = ED477FBA25D414140054A7C9 /* LogKeeperSwift */;
			targetProxy = ED477FCD25D414160054A7C9 /* PBXContainerItemProxy */;
		};
		ED477FD925D414160054A7C9 /* PBXTargetDependency */ = {
			isa = PBXTargetDependency;
			target = ED477FBA25D414140054A7C9 /* LogKeeperSwift */;
			targetProxy = ED477FD825D414160054A7C9 /* PBXContainerItemProxy */;
		};
/* End PBXTargetDependency section */

/* Begin XCBuildConfiguration section */
		ED477FDE25D414160054A7C9 /* Debug */ = {
			isa = XCBuildConfiguration;
			buildSettings = {
				ALWAYS_SEARCH_USER_PATHS = NO;
				CLANG_ANALYZER_NONNULL = YES;
				CLANG_ANALYZER_NUMBER_OBJECT_CONVERSION = YES_AGGRESSIVE;
				CLANG_CXX_LANGUAGE_STANDARD = "gnu++14";
				CLANG_CXX_LIBRARY = "libc++";
				CLANG_ENABLE_MODULES = YES;
				CLANG_ENABLE_OBJC_ARC = YES;
				CLANG_ENABLE_OBJC_WEAK = YES;
				CLANG_WARN_BLOCK_CAPTURE_AUTORELEASING = YES;
				CLANG_WARN_BOOL_CONVERSION = YES;
				CLANG_WARN_COMMA = YES;
				CLANG_WARN_CONSTANT_CONVERSION = YES;
				CLANG_WARN_DEPRECATED_OBJC_IMPLEMENTATIONS = YES;
				CLANG_WARN_DIRECT_OBJC_ISA_USAGE = YES_ERROR;
				CLANG_WARN_DOCUMENTATION_COMMENTS = YES;
				CLANG_WARN_EMPTY_BODY = YES;
				CLANG_WARN_ENUM_CONVERSION = YES;
				CLANG_WARN_INFINITE_RECURSION = YES;
				CLANG_WARN_INT_CONVERSION = YES;
				CLANG_WARN_NON_LITERAL_NULL_CONVERSION = YES;
				CLANG_WARN_OBJC_IMPLICIT_RETAIN_SELF = YES;
				CLANG_WARN_OBJC_LITERAL_CONVERSION = YES;
				CLANG_WARN_OBJC_ROOT_CLASS = YES_ERROR;
				CLANG_WARN_QUOTED_INCLUDE_IN_FRAMEWORK_HEADER = YES;
				CLANG_WARN_RANGE_LOOP_ANALYSIS = YES;
				CLANG_WARN_STRICT_PROTOTYPES = YES;
				CLANG_WARN_SUSPICIOUS_MOVE = YES;
				CLANG_WARN_UNGUARDED_AVAILABILITY = YES_AGGRESSIVE;
				CLANG_WARN_UNREACHABLE_CODE = YES;
				CLANG_WARN__DUPLICATE_METHOD_MATCH = YES;
				COPY_PHASE_STRIP = NO;
				DEBUG_INFORMATION_FORMAT = dwarf;
				ENABLE_STRICT_OBJC_MSGSEND = YES;
				ENABLE_TESTABILITY = YES;
				GCC_C_LANGUAGE_STANDARD = gnu11;
				GCC_DYNAMIC_NO_PIC = NO;
				GCC_NO_COMMON_BLOCKS = YES;
				GCC_OPTIMIZATION_LEVEL = 0;
				GCC_PREPROCESSOR_DEFINITIONS = (
					"DEBUG=1",
					"$(inherited)",
				);
				GCC_WARN_64_TO_32_BIT_CONVERSION = YES;
				GCC_WARN_ABOUT_RETURN_TYPE = YES_ERROR;
				GCC_WARN_UNDECLARED_SELECTOR = YES;
				GCC_WARN_UNINITIALIZED_AUTOS = YES_AGGRESSIVE;
				GCC_WARN_UNUSED_FUNCTION = YES;
				GCC_WARN_UNUSED_VARIABLE = YES;
				IPHONEOS_DEPLOYMENT_TARGET = 14.4;
				MTL_ENABLE_DEBUG_INFO = INCLUDE_SOURCE;
				MTL_FAST_MATH = YES;
				ONLY_ACTIVE_ARCH = YES;
				SDKROOT = iphoneos;
				SWIFT_ACTIVE_COMPILATION_CONDITIONS = DEBUG;
				SWIFT_OPTIMIZATION_LEVEL = "-Onone";
			};
			name = Debug;
		};
		ED477FDF25D414160054A7C9 /* Release */ = {
			isa = XCBuildConfiguration;
			buildSettings = {
				ALWAYS_SEARCH_USER_PATHS = NO;
				CLANG_ANALYZER_NONNULL = YES;
				CLANG_ANALYZER_NUMBER_OBJECT_CONVERSION = YES_AGGRESSIVE;
				CLANG_CXX_LANGUAGE_STANDARD = "gnu++14";
				CLANG_CXX_LIBRARY = "libc++";
				CLANG_ENABLE_MODULES = YES;
				CLANG_ENABLE_OBJC_ARC = YES;
				CLANG_ENABLE_OBJC_WEAK = YES;
				CLANG_WARN_BLOCK_CAPTURE_AUTORELEASING = YES;
				CLANG_WARN_BOOL_CONVERSION = YES;
				CLANG_WARN_COMMA = YES;
				CLANG_WARN_CONSTANT_CONVERSION = YES;
				CLANG_WARN_DEPRECATED_OBJC_IMPLEMENTATIONS = YES;
				CLANG_WARN_DIRECT_OBJC_ISA_USAGE = YES_ERROR;
				CLANG_WARN_DOCUMENTATION_COMMENTS = YES;
				CLANG_WARN_EMPTY_BODY = YES;
				CLANG_WARN_ENUM_CONVERSION = YES;
				CLANG_WARN_INFINITE_RECURSION = YES;
				CLANG_WARN_INT_CONVERSION = YES;
				CLANG_WARN_NON_LITERAL_NULL_CONVERSION = YES;
				CLANG_WARN_OBJC_IMPLICIT_RETAIN_SELF = YES;
				CLANG_WARN_OBJC_LITERAL_CONVERSION = YES;
				CLANG_WARN_OBJC_ROOT_CLASS = YES_ERROR;
				CLANG_WARN_QUOTED_INCLUDE_IN_FRAMEWORK_HEADER = YES;
				CLANG_WARN_RANGE_LOOP_ANALYSIS = YES;
				CLANG_WARN_STRICT_PROTOTYPES = YES;
				CLANG_WARN_SUSPICIOUS_MOVE = YES;
				CLANG_WARN_UNGUARDED_AVAILABILITY = YES_AGGRESSIVE;
				CLANG_WARN_UNREACHABLE_CODE = YES;
				CLANG_WARN__DUPLICATE_METHOD_MATCH = YES;
				COPY_PHASE_STRIP = NO;
				DEBUG_INFORMATION_FORMAT = "dwarf-with-dsym";
				ENABLE_NS_ASSERTIONS = NO;
				ENABLE_STRICT_OBJC_MSGSEND = YES;
				GCC_C_LANGUAGE_STANDARD = gnu11;
				GCC_NO_COMMON_BLOCKS = YES;
				GCC_WARN_64_TO_32_BIT_CONVERSION = YES;
				GCC_WARN_ABOUT_RETURN_TYPE = YES_ERROR;
				GCC_WARN_UNDECLARED_SELECTOR = YES;
				GCC_WARN_UNINITIALIZED_AUTOS = YES_AGGRESSIVE;
				GCC_WARN_UNUSED_FUNCTION = YES;
				GCC_WARN_UNUSED_VARIABLE = YES;
				IPHONEOS_DEPLOYMENT_TARGET = 14.4;
				MTL_ENABLE_DEBUG_INFO = NO;
				MTL_FAST_MATH = YES;
				SDKROOT = iphoneos;
				SWIFT_COMPILATION_MODE = wholemodule;
				SWIFT_OPTIMIZATION_LEVEL = "-O";
				VALIDATE_PRODUCT = YES;
			};
			name = Release;
		};
		ED477FE125D414160054A7C9 /* Debug */ = {
			isa = XCBuildConfiguration;
			buildSettings = {
				ASSETCATALOG_COMPILER_APPICON_NAME = AppIcon;
				ASSETCATALOG_COMPILER_GLOBAL_ACCENT_COLOR_NAME = AccentColor;
				CODE_SIGN_STYLE = Automatic;
				DEVELOPMENT_ASSET_PATHS = "\"LogKeeperSwift/Preview Content\"";
				ENABLE_PREVIEWS = YES;
				INFOPLIST_FILE = LogKeeperSwift/Info.plist;
				IPHONEOS_DEPLOYMENT_TARGET = 14.0;
				LD_RUNPATH_SEARCH_PATHS = (
					"$(inherited)",
					"@executable_path/Frameworks",
				);
				PRODUCT_BUNDLE_IDENTIFIER = com.casualapps.logkeep.LogKeeperSwift;
				PRODUCT_NAME = "$(TARGET_NAME)";
				SWIFT_VERSION = 5.0;
				TARGETED_DEVICE_FAMILY = "1,2";
			};
			name = Debug;
		};
		ED477FE225D414160054A7C9 /* Release */ = {
			isa = XCBuildConfiguration;
			buildSettings = {
				ASSETCATALOG_COMPILER_APPICON_NAME = AppIcon;
				ASSETCATALOG_COMPILER_GLOBAL_ACCENT_COLOR_NAME = AccentColor;
				CODE_SIGN_STYLE = Automatic;
				DEVELOPMENT_ASSET_PATHS = "\"LogKeeperSwift/Preview Content\"";
				ENABLE_PREVIEWS = YES;
				INFOPLIST_FILE = LogKeeperSwift/Info.plist;
				IPHONEOS_DEPLOYMENT_TARGET = 14.0;
				LD_RUNPATH_SEARCH_PATHS = (
					"$(inherited)",
					"@executable_path/Frameworks",
				);
				PRODUCT_BUNDLE_IDENTIFIER = com.casualapps.logkeep.LogKeeperSwift;
				PRODUCT_NAME = "$(TARGET_NAME)";
				SWIFT_VERSION = 5.0;
				TARGETED_DEVICE_FAMILY = "1,2";
			};
			name = Release;
		};
		ED477FE425D414160054A7C9 /* Debug */ = {
			isa = XCBuildConfiguration;
			buildSettings = {
				ALWAYS_EMBED_SWIFT_STANDARD_LIBRARIES = YES;
				BUNDLE_LOADER = "$(TEST_HOST)";
				CODE_SIGN_STYLE = Automatic;
				INFOPLIST_FILE = LogKeeperSwiftTests/Info.plist;
				IPHONEOS_DEPLOYMENT_TARGET = 14.0;
				LD_RUNPATH_SEARCH_PATHS = (
					"$(inherited)",
					"@executable_path/Frameworks",
					"@loader_path/Frameworks",
				);
				PRODUCT_BUNDLE_IDENTIFIER = com.casualapps.logkeep.LogKeeperSwiftTests;
				PRODUCT_NAME = "$(TARGET_NAME)";
				SWIFT_VERSION = 5.0;
				TARGETED_DEVICE_FAMILY = "1,2";
				TEST_HOST = "$(BUILT_PRODUCTS_DIR)/LogKeeperSwift.app/LogKeeperSwift";
			};
			name = Debug;
		};
		ED477FE525D414160054A7C9 /* Release */ = {
			isa = XCBuildConfiguration;
			buildSettings = {
				ALWAYS_EMBED_SWIFT_STANDARD_LIBRARIES = YES;
				BUNDLE_LOADER = "$(TEST_HOST)";
				CODE_SIGN_STYLE = Automatic;
				INFOPLIST_FILE = LogKeeperSwiftTests/Info.plist;
				IPHONEOS_DEPLOYMENT_TARGET = 14.0;
				LD_RUNPATH_SEARCH_PATHS = (
					"$(inherited)",
					"@executable_path/Frameworks",
					"@loader_path/Frameworks",
				);
				PRODUCT_BUNDLE_IDENTIFIER = com.casualapps.logkeep.LogKeeperSwiftTests;
				PRODUCT_NAME = "$(TARGET_NAME)";
				SWIFT_VERSION = 5.0;
				TARGETED_DEVICE_FAMILY = "1,2";
				TEST_HOST = "$(BUILT_PRODUCTS_DIR)/LogKeeperSwift.app/LogKeeperSwift";
			};
			name = Release;
		};
		ED477FE725D414160054A7C9 /* Debug */ = {
			isa = XCBuildConfiguration;
			buildSettings = {
				ALWAYS_EMBED_SWIFT_STANDARD_LIBRARIES = YES;
				CODE_SIGN_STYLE = Automatic;
				INFOPLIST_FILE = LogKeeperSwiftUITests/Info.plist;
				LD_RUNPATH_SEARCH_PATHS = (
					"$(inherited)",
					"@executable_path/Frameworks",
					"@loader_path/Frameworks",
				);
				PRODUCT_BUNDLE_IDENTIFIER = com.casualapps.logkeep.LogKeeperSwiftUITests;
				PRODUCT_NAME = "$(TARGET_NAME)";
				SWIFT_VERSION = 5.0;
				TARGETED_DEVICE_FAMILY = "1,2";
				TEST_TARGET_NAME = LogKeeperSwift;
			};
			name = Debug;
		};
		ED477FE825D414160054A7C9 /* Release */ = {
			isa = XCBuildConfiguration;
			buildSettings = {
				ALWAYS_EMBED_SWIFT_STANDARD_LIBRARIES = YES;
				CODE_SIGN_STYLE = Automatic;
				INFOPLIST_FILE = LogKeeperSwiftUITests/Info.plist;
				LD_RUNPATH_SEARCH_PATHS = (
					"$(inherited)",
					"@executable_path/Frameworks",
					"@loader_path/Frameworks",
				);
				PRODUCT_BUNDLE_IDENTIFIER = com.casualapps.logkeep.LogKeeperSwiftUITests;
				PRODUCT_NAME = "$(TARGET_NAME)";
				SWIFT_VERSION = 5.0;
				TARGETED_DEVICE_FAMILY = "1,2";
				TEST_TARGET_NAME = LogKeeperSwift;
			};
			name = Release;
		};
/* End XCBuildConfiguration section */

/* Begin XCConfigurationList section */
		ED477FB625D414140054A7C9 /* Build configuration list for PBXProject "LogKeeperSwift" */ = {
			isa = XCConfigurationList;
			buildConfigurations = (
				ED477FDE25D414160054A7C9 /* Debug */,
				ED477FDF25D414160054A7C9 /* Release */,
			);
			defaultConfigurationIsVisible = 0;
			defaultConfigurationName = Release;
		};
		ED477FE025D414160054A7C9 /* Build configuration list for PBXNativeTarget "LogKeeperSwift" */ = {
			isa = XCConfigurationList;
			buildConfigurations = (
				ED477FE125D414160054A7C9 /* Debug */,
				ED477FE225D414160054A7C9 /* Release */,
			);
			defaultConfigurationIsVisible = 0;
			defaultConfigurationName = Release;
		};
		ED477FE325D414160054A7C9 /* Build configuration list for PBXNativeTarget "LogKeeperSwiftTests" */ = {
			isa = XCConfigurationList;
			buildConfigurations = (
				ED477FE425D414160054A7C9 /* Debug */,
				ED477FE525D414160054A7C9 /* Release */,
			);
			defaultConfigurationIsVisible = 0;
			defaultConfigurationName = Release;
		};
		ED477FE625D414160054A7C9 /* Build configuration list for PBXNativeTarget "LogKeeperSwiftUITests" */ = {
			isa = XCConfigurationList;
			buildConfigurations = (
				ED477FE725D414160054A7C9 /* Debug */,
				ED477FE825D414160054A7C9 /* Release */,
			);
			defaultConfigurationIsVisible = 0;
			defaultConfigurationName = Release;
		};
/* End XCConfigurationList section */
	};
	rootObject = ED477FB325D414140054A7C9 /* Project object */;
}
